
Microsoft Visual Studio Solution File, Format Version 12.00
# Visual Studio Version 16
VisualStudioVersion = 16.0.31129.286
MinimumVisualStudioVersion = 10.0.40219.1
Project("{2150E333-8FDC-42A3-9474-1A3956D46DE8}") = "Services", "Services", "{6DB22243-3C62-45D4-BFB1-A3CD16D4ED40}"
EndProject
Project("{2150E333-8FDC-42A3-9474-1A3956D46DE8}") = "Catalog", "Catalog", "{57B78BDE-BDD5-404F-BEEE-33CC92A2D793}"
EndProject
Project("{9A19103F-16F7-4668-BE54-9A1E7A4F7556}") = "Catalog.API", "Services\Catalog\Catalog.API\Catalog.API.csproj", "{DD45458C-8F86-4D7D-B3D1-41C4F79831BB}"
EndProject
Project("{E53339B2-1760-4266-BCC7-CA923CBCF16C}") = "docker-compose", "docker-compose.dcproj", "{E82025AC-8351-4B26-A750-F9EF15DC50E4}"
EndProject
Project("{2150E333-8FDC-42A3-9474-1A3956D46DE8}") = "Basket", "Basket", "{CBFED556-7310-433F-A650-70E665298F63}"
EndProject
Project("{9A19103F-16F7-4668-BE54-9A1E7A4F7556}") = "Basket.API", "Services\Basket\Basket.API\Basket.API.csproj", "{C03EB2E7-0E17-4996-8C62-FCCA8B5BC72B}"
EndProject
Project("{2150E333-8FDC-42A3-9474-1A3956D46DE8}") = "Discount", "Discount", "{8CB6B42A-D23A-4BD2-95E9-7030E2D941A5}"
EndProject
Project("{9A19103F-16F7-4668-BE54-9A1E7A4F7556}") = "Discount.API", "Services\Discount\Discount.API\Discount.API.csproj", "{A40219D5-93D6-4BCE-BF1B-652F46DA63DC}"
EndProject
Project("{9A19103F-16F7-4668-BE54-9A1E7A4F7556}") = "Discount.Grpc", "Services\Discount\Discount.Grpc\Discount.Grpc.csproj", "{434D03E1-56CD-4EBB-B977-07AC52975D82}"
EndProject
Project("{2150E333-8FDC-42A3-9474-1A3956D46DE8}") = "Ordering", "Ordering", "{2DCD10BE-5E51-4954-A80C-A35803F2DE11}"
EndProject
Project("{9A19103F-16F7-4668-BE54-9A1E7A4F7556}") = "Ordering.API", "Services\Ordering\Ordering.API\Ordering.API.csproj", "{2F447471-C132-4777-9F8D-61A442BF530E}"
EndProject
Project("{9A19103F-16F7-4668-BE54-9A1E7A4F7556}") = "Ordering.Domain", "Services\Ordering\Ordering.Domain\Ordering.Domain.csproj", "{356315D6-8AA4-4924-A3ED-CF8D07B7BF23}"
EndProject
Project("{9A19103F-16F7-4668-BE54-9A1E7A4F7556}") = "Ordering.Application", "Services\Ordering\Ordering.Application\Ordering.Application.csproj", "{EB582AA4-8C66-40F3-B8CD-3B26DC8F40E1}"
EndProject
Project("{9A19103F-16F7-4668-BE54-9A1E7A4F7556}") = "Ordering.Infrastructure", "Services\Ordering\Ordering.Infrastructure\Ordering.Infrastructure.csproj", "{FE5BB0CC-B11D-4823-A598-45B0EB491671}"
EndProject
Project("{2150E333-8FDC-42A3-9474-1A3956D46DE8}") = "BuildingBlocks", "BuildingBlocks", "{501D3CAE-D49D-490E-9481-3F4FF33A6F73}"
EndProject
Project("{9A19103F-16F7-4668-BE54-9A1E7A4F7556}") = "EventBus.Messages", "BuildingBlocks\EventBus.Messages\EventBus.Messages.csproj", "{D183B345-6A60-45D1-9233-47A7D463310A}"
EndProject
Project("{2150E333-8FDC-42A3-9474-1A3956D46DE8}") = "ApiGateways", "ApiGateways", "{8CF13792-DFA9-49CF-AF75-A3CE2095991C}"
EndProject
Project("{FAE04EC0-301F-11D3-BF4B-00C04F79EFBC}") = "OcelotApiGw", "ApiGateways\OcelotApiGw\OcelotApiGw.csproj", "{A63C719F-4A53-4818-BC58-ECDBF81E9882}"
EndProject
Project("{FAE04EC0-301F-11D3-BF4B-00C04F79EFBC}") = "Shopping.Aggregator", "ApiGateways\Shopping.Aggregator\Shopping.Aggregator.csproj", "{9373DD41-36AA-4CC5-973E-E12E8553075C}"
EndProject
Global
	GlobalSection(SolutionConfigurationPlatforms) = preSolution
		Debug|Any CPU = Debug|Any CPU
		Release|Any CPU = Release|Any CPU
	EndGlobalSection
	GlobalSection(ProjectConfigurationPlatforms) = postSolution
		{DD45458C-8F86-4D7D-B3D1-41C4F79831BB}.Debug|Any CPU.ActiveCfg = Debug|Any CPU
		{DD45458C-8F86-4D7D-B3D1-41C4F79831BB}.Debug|Any CPU.Build.0 = Debug|Any CPU
		{DD45458C-8F86-4D7D-B3D1-41C4F79831BB}.Release|Any CPU.ActiveCfg = Release|Any CPU
		{DD45458C-8F86-4D7D-B3D1-41C4F79831BB}.Release|Any CPU.Build.0 = Release|Any CPU
		{E82025AC-8351-4B26-A750-F9EF15DC50E4}.Debug|Any CPU.ActiveCfg = Debug|Any CPU
		{E82025AC-8351-4B26-A750-F9EF15DC50E4}.Debug|Any CPU.Build.0 = Debug|Any CPU
		{E82025AC-8351-4B26-A750-F9EF15DC50E4}.Release|Any CPU.ActiveCfg = Release|Any CPU
		{E82025AC-8351-4B26-A750-F9EF15DC50E4}.Release|Any CPU.Build.0 = Release|Any CPU
		{C03EB2E7-0E17-4996-8C62-FCCA8B5BC72B}.Debug|Any CPU.ActiveCfg = Debug|Any CPU
		{C03EB2E7-0E17-4996-8C62-FCCA8B5BC72B}.Debug|Any CPU.Build.0 = Debug|Any CPU
		{C03EB2E7-0E17-4996-8C62-FCCA8B5BC72B}.Release|Any CPU.ActiveCfg = Release|Any CPU
		{C03EB2E7-0E17-4996-8C62-FCCA8B5BC72B}.Release|Any CPU.Build.0 = Release|Any CPU
		{A40219D5-93D6-4BCE-BF1B-652F46DA63DC}.Debug|Any CPU.ActiveCfg = Debug|Any CPU
		{A40219D5-93D6-4BCE-BF1B-652F46DA63DC}.Debug|Any CPU.Build.0 = Debug|Any CPU
		{A40219D5-93D6-4BCE-BF1B-652F46DA63DC}.Release|Any CPU.ActiveCfg = Release|Any CPU
		{A40219D5-93D6-4BCE-BF1B-652F46DA63DC}.Release|Any CPU.Build.0 = Release|Any CPU
		{434D03E1-56CD-4EBB-B977-07AC52975D82}.Debug|Any CPU.ActiveCfg = Debug|Any CPU
		{434D03E1-56CD-4EBB-B977-07AC52975D82}.Debug|Any CPU.Build.0 = Debug|Any CPU
		{434D03E1-56CD-4EBB-B977-07AC52975D82}.Release|Any CPU.ActiveCfg = Release|Any CPU
		{434D03E1-56CD-4EBB-B977-07AC52975D82}.Release|Any CPU.Build.0 = Release|Any CPU
		{2F447471-C132-4777-9F8D-61A442BF530E}.Debug|Any CPU.ActiveCfg = Debug|Any CPU
		{2F447471-C132-4777-9F8D-61A442BF530E}.Debug|Any CPU.Build.0 = Debug|Any CPU
		{2F447471-C132-4777-9F8D-61A442BF530E}.Release|Any CPU.ActiveCfg = Release|Any CPU
		{2F447471-C132-4777-9F8D-61A442BF530E}.Release|Any CPU.Build.0 = Release|Any CPU
		{356315D6-8AA4-4924-A3ED-CF8D07B7BF23}.Debug|Any CPU.ActiveCfg = Debug|Any CPU
		{356315D6-8AA4-4924-A3ED-CF8D07B7BF23}.Debug|Any CPU.Build.0 = Debug|Any CPU
		{356315D6-8AA4-4924-A3ED-CF8D07B7BF23}.Release|Any CPU.ActiveCfg = Release|Any CPU
		{356315D6-8AA4-4924-A3ED-CF8D07B7BF23}.Release|Any CPU.Build.0 = Release|Any CPU
		{EB582AA4-8C66-40F3-B8CD-3B26DC8F40E1}.Debug|Any CPU.ActiveCfg = Debug|Any CPU
		{EB582AA4-8C66-40F3-B8CD-3B26DC8F40E1}.Debug|Any CPU.Build.0 = Debug|Any CPU
		{EB582AA4-8C66-40F3-B8CD-3B26DC8F40E1}.Release|Any CPU.ActiveCfg = Release|Any CPU
		{EB582AA4-8C66-40F3-B8CD-3B26DC8F40E1}.Release|Any CPU.Build.0 = Release|Any CPU
		{FE5BB0CC-B11D-4823-A598-45B0EB491671}.Debug|Any CPU.ActiveCfg = Debug|Any CPU
		{FE5BB0CC-B11D-4823-A598-45B0EB491671}.Debug|Any CPU.Build.0 = Debug|Any CPU
		{FE5BB0CC-B11D-4823-A598-45B0EB491671}.Release|Any CPU.ActiveCfg = Release|Any CPU
		{FE5BB0CC-B11D-4823-A598-45B0EB491671}.Release|Any CPU.Build.0 = Release|Any CPU
		{D183B345-6A60-45D1-9233-47A7D463310A}.Debug|Any CPU.ActiveCfg = Debug|Any CPU
		{D183B345-6A60-45D1-9233-47A7D463310A}.Debug|Any CPU.Build.0 = Debug|Any CPU
		{D183B345-6A60-45D1-9233-47A7D463310A}.Release|Any CPU.ActiveCfg = Release|Any CPU
		{D183B345-6A60-45D1-9233-47A7D463310A}.Release|Any CPU.Build.0 = Release|Any CPU
		{A63C719F-4A53-4818-BC58-ECDBF81E9882}.Debug|Any CPU.ActiveCfg = Debug|Any CPU
		{A63C719F-4A53-4818-BC58-ECDBF81E9882}.Debug|Any CPU.Build.0 = Debug|Any CPU
		{A63C719F-4A53-4818-BC58-ECDBF81E9882}.Release|Any CPU.ActiveCfg = Release|Any CPU
		{A63C719F-4A53-4818-BC58-ECDBF81E9882}.Release|Any CPU.Build.0 = Release|Any CPU
		{9373DD41-36AA-4CC5-973E-E12E8553075C}.Debug|Any CPU.ActiveCfg = Debug|Any CPU
		{9373DD41-36AA-4CC5-973E-E12E8553075C}.Debug|Any CPU.Build.0 = Debug|Any CPU
		{9373DD41-36AA-4CC5-973E-E12E8553075C}.Release|Any CPU.ActiveCfg = Release|Any CPU
		{9373DD41-36AA-4CC5-973E-E12E8553075C}.Release|Any CPU.Build.0 = Release|Any CPU
	EndGlobalSection
	GlobalSection(SolutionProperties) = preSolution
		HideSolutionNode = FALSE
	EndGlobalSection
	GlobalSection(NestedProjects) = preSolution
		{57B78BDE-BDD5-404F-BEEE-33CC92A2D793} = {6DB22243-3C62-45D4-BFB1-A3CD16D4ED40}
		{DD45458C-8F86-4D7D-B3D1-41C4F79831BB} = {57B78BDE-BDD5-404F-BEEE-33CC92A2D793}
		{CBFED556-7310-433F-A650-70E665298F63} = {6DB22243-3C62-45D4-BFB1-A3CD16D4ED40}
		{C03EB2E7-0E17-4996-8C62-FCCA8B5BC72B} = {CBFED556-7310-433F-A650-70E665298F63}
		{8CB6B42A-D23A-4BD2-95E9-7030E2D941A5} = {6DB22243-3C62-45D4-BFB1-A3CD16D4ED40}
		{A40219D5-93D6-4BCE-BF1B-652F46DA63DC} = {8CB6B42A-D23A-4BD2-95E9-7030E2D941A5}
		{434D03E1-56CD-4EBB-B977-07AC52975D82} = {8CB6B42A-D23A-4BD2-95E9-7030E2D941A5}
		{2DCD10BE-5E51-4954-A80C-A35803F2DE11} = {6DB22243-3C62-45D4-BFB1-A3CD16D4ED40}
		{2F447471-C132-4777-9F8D-61A442BF530E} = {2DCD10BE-5E51-4954-A80C-A35803F2DE11}
		{356315D6-8AA4-4924-A3ED-CF8D07B7BF23} = {2DCD10BE-5E51-4954-A80C-A35803F2DE11}
		{EB582AA4-8C66-40F3-B8CD-3B26DC8F40E1} = {2DCD10BE-5E51-4954-A80C-A35803F2DE11}
		{FE5BB0CC-B11D-4823-A598-45B0EB491671} = {2DCD10BE-5E51-4954-A80C-A35803F2DE11}
		{D183B345-6A60-45D1-9233-47A7D463310A} = {501D3CAE-D49D-490E-9481-3F4FF33A6F73}
		{A63C719F-4A53-4818-BC58-ECDBF81E9882} = {8CF13792-DFA9-49CF-AF75-A3CE2095991C}
		{9373DD41-36AA-4CC5-973E-E12E8553075C} = {8CF13792-DFA9-49CF-AF75-A3CE2095991C}
	EndGlobalSection
	GlobalSection(ExtensibilityGlobals) = postSolution
		SolutionGuid = {3D0E77CA-F790-4405-AD92-1B0DC73E6D62}
	EndGlobalSection
EndGlobal
